
Microsoft Visual Studio Solution File, Format Version 12.00
# Visual Studio Version 17
VisualStudioVersion = 17.0.31903.59
MinimumVisualStudioVersion = 10.0.40219.1
Project("{FAE04EC0-301F-11D3-BF4B-00C04F79EFBC}") = "_build", "_build\_build.csproj", "{C9B6351F-EFB2-4477-9AFD-EB2766F3C5CE}"
EndProject
Project("{9092AA53-FB77-4645-B42D-1CCCA6BD08BD}") = "module.web", "module.web\module.web.njsproj", "{261A4ADA-0213-4989-9D0A-761FC6EC1574}"
EndProject
Project("{FAE04EC0-301F-11D3-BF4B-00C04F79EFBC}") = "UnitTests", "UnitTests\UnitTests.csproj", "{745843B0-F86F-4CE1-BE21-E6FBCFE167DC}"
EndProject
Project("{FAE04EC0-301F-11D3-BF4B-00C04F79EFBC}") = "IntegrationTests", "IntegrationTests\IntegrationTests.csproj", "{71A94484-BE72-4864-AEC0-B42E766313BF}"
EndProject
Project("{FAE04EC0-301F-11D3-BF4B-00C04F79EFBC}") = "Module", "Module.csproj", "{44018AE6-16A4-4890-977C-BE8DEFAB4FBA}"
EndProject
Global
	GlobalSection(SolutionConfigurationPlatforms) = preSolution
		Debug|Any CPU = Debug|Any CPU
		Release|Any CPU = Release|Any CPU
	EndGlobalSection
	GlobalSection(ProjectConfigurationPlatforms) = postSolution
		{C9B6351F-EFB2-4477-9AFD-EB2766F3C5CE}.Debug|Any CPU.ActiveCfg = Debug|Any CPU
		{C9B6351F-EFB2-4477-9AFD-EB2766F3C5CE}.Debug|Any CPU.Build.0 = Debug|Any CPU
		{C9B6351F-EFB2-4477-9AFD-EB2766F3C5CE}.Release|Any CPU.ActiveCfg = Release|Any CPU
		{C9B6351F-EFB2-4477-9AFD-EB2766F3C5CE}.Release|Any CPU.Build.0 = Release|Any CPU
		{261A4ADA-0213-4989-9D0A-761FC6EC1574}.Debug|Any CPU.ActiveCfg = Release|Any CPU
		{261A4ADA-0213-4989-9D0A-761FC6EC1574}.Release|Any CPU.ActiveCfg = Release|Any CPU
		{261A4ADA-0213-4989-9D0A-761FC6EC1574}.Release|Any CPU.Build.0 = Release|Any CPU
		{745843B0-F86F-4CE1-BE21-E6FBCFE167DC}.Debug|Any CPU.ActiveCfg = Debug|Any CPU
		{745843B0-F86F-4CE1-BE21-E6FBCFE167DC}.Debug|Any CPU.Build.0 = Debug|Any CPU
		{745843B0-F86F-4CE1-BE21-E6FBCFE167DC}.Release|Any CPU.ActiveCfg = Release|Any CPU
		{745843B0-F86F-4CE1-BE21-E6FBCFE167DC}.Release|Any CPU.Build.0 = Release|Any CPU
		{71A94484-BE72-4864-AEC0-B42E766313BF}.Debug|Any CPU.ActiveCfg = Debug|Any CPU
		{71A94484-BE72-4864-AEC0-B42E766313BF}.Debug|Any CPU.Build.0 = Debug|Any CPU
		{71A94484-BE72-4864-AEC0-B42E766313BF}.Release|Any CPU.ActiveCfg = Release|Any CPU
		{71A94484-BE72-4864-AEC0-B42E766313BF}.Release|Any CPU.Build.0 = Release|Any CPU
		{44018AE6-16A4-4890-977C-BE8DEFAB4FBA}.Debug|Any CPU.ActiveCfg = Debug|Any CPU
		{44018AE6-16A4-4890-977C-BE8DEFAB4FBA}.Debug|Any CPU.Build.0 = Debug|Any CPU
		{44018AE6-16A4-4890-977C-BE8DEFAB4FBA}.Release|Any CPU.ActiveCfg = Release|Any CPU
		{44018AE6-16A4-4890-977C-BE8DEFAB4FBA}.Release|Any CPU.Build.0 = Release|Any CPU
	EndGlobalSection
	GlobalSection(SolutionProperties) = preSolution
		HideSolutionNode = FALSE
	EndGlobalSection
	GlobalSection(ExtensibilityGlobals) = postSolution
		SolutionGuid = {15709DEF-53CA-4423-87B2-CBA694F1D865}
	EndGlobalSection
EndGlobal
